
Microsoft Visual Studio Solution File, Format Version 12.00
# Visual Studio Version 17
VisualStudioVersion = 17.5.33627.172
MinimumVisualStudioVersion = 10.0.40219.1
Project("{9A19103F-16F7-4668-BE54-9A1E7A4F7556}") = "Kiss", "Kiss\Kiss.csproj", "{9E1DAF55-C4F1-4704-BE6C-07A9BC900D6D}"
EndProject
Project("{9A19103F-16F7-4668-BE54-9A1E7A4F7556}") = "Cli", "Cli\Cli.csproj", "{082ABC31-6353-46F4-A753-D5B926FCE31A}"
EndProject
Global
	GlobalSection(SolutionConfigurationPlatforms) = preSolution
		Debug|Any CPU = Debug|Any CPU
		Release|Any CPU = Release|Any CPU
	EndGlobalSection
	GlobalSection(ProjectConfigurationPlatforms) = postSolution
		{9E1DAF55-C4F1-4704-BE6C-07A9BC900D6D}.Debug|Any CPU.ActiveCfg = Debug|Any CPU
		{9E1DAF55-C4F1-4704-BE6C-07A9BC900D6D}.Debug|Any CPU.Build.0 = Debug|Any CPU
		{9E1DAF55-C4F1-4704-BE6C-07A9BC900D6D}.Release|Any CPU.ActiveCfg = Release|Any CPU
		{9E1DAF55-C4F1-4704-BE6C-07A9BC900D6D}.Release|Any CPU.Build.0 = Release|Any CPU
		{082ABC31-6353-46F4-A753-D5B926FCE31A}.Debug|Any CPU.ActiveCfg = Debug|Any CPU
		{082ABC31-6353-46F4-A753-D5B926FCE31A}.Debug|Any CPU.Build.0 = Debug|Any CPU
		{082ABC31-6353-46F4-A753-D5B926FCE31A}.Release|Any CPU.ActiveCfg = Release|Any CPU
		{082ABC31-6353-46F4-A753-D5B926FCE31A}.Release|Any CPU.Build.0 = Release|Any CPU
	EndGlobalSection
	GlobalSection(SolutionProperties) = preSolution
		HideSolutionNode = FALSE
	EndGlobalSection
	GlobalSection(ExtensibilityGlobals) = postSolution
		SolutionGuid = {04FF4278-353D-4B2A-859D-B5700CE05757}
	EndGlobalSection
EndGlobal
